
Microsoft Visual Studio Solution File, Format Version 12.00
# Visual Studio Version 17
VisualStudioVersion = 17.14.36121.58 d17.14
MinimumVisualStudioVersion = 10.0.40219.1
Project("{FAE04EC0-301F-11D3-BF4B-00C04F79EFBC}") = "Ex_1_mod_9", "Ex_1_mod_9\Ex_1_mod_9.csproj", "{4CF6A7BF-EAA9-474B-BE54-E53B4BC12F27}"
EndProject
Global
	GlobalSection(SolutionConfigurationPlatforms) = preSolution
		Debug|Any CPU = Debug|Any CPU
		Release|Any CPU = Release|Any CPU
	EndGlobalSection
	GlobalSection(ProjectConfigurationPlatforms) = postSolution
		{4CF6A7BF-EAA9-474B-BE54-E53B4BC12F27}.Debug|Any CPU.ActiveCfg = Debug|Any CPU
		{4CF6A7BF-EAA9-474B-BE54-E53B4BC12F27}.Debug|Any CPU.Build.0 = Debug|Any CPU
		{4CF6A7BF-EAA9-474B-BE54-E53B4BC12F27}.Release|Any CPU.ActiveCfg = Release|Any CPU
		{4CF6A7BF-EAA9-474B-BE54-E53B4BC12F27}.Release|Any CPU.Build.0 = Release|Any CPU
	EndGlobalSection
	GlobalSection(SolutionProperties) = preSolution
		HideSolutionNode = FALSE
	EndGlobalSection
	GlobalSection(ExtensibilityGlobals) = postSolution
		SolutionGuid = {42524375-68AA-461D-BD57-F39F71E2DD2C}
	EndGlobalSection
EndGlobal
