
Microsoft Visual Studio Solution File, Format Version 12.00
# Visual Studio Version 17
VisualStudioVersion = 17.14.36518.9 d17.14
MinimumVisualStudioVersion = 10.0.40219.1
Project("{FAE04EC0-301F-11D3-BF4B-00C04F79EFBC}") = "Get_veiculos", "Get_veiculos\Get_veiculos.csproj", "{3B36AC99-CF97-48C7-BA4F-A55978C8C16B}"
EndProject
Global
	GlobalSection(SolutionConfigurationPlatforms) = preSolution
		Debug|Any CPU = Debug|Any CPU
		Release|Any CPU = Release|Any CPU
	EndGlobalSection
	GlobalSection(ProjectConfigurationPlatforms) = postSolution
		{3B36AC99-CF97-48C7-BA4F-A55978C8C16B}.Debug|Any CPU.ActiveCfg = Debug|Any CPU
		{3B36AC99-CF97-48C7-BA4F-A55978C8C16B}.Debug|Any CPU.Build.0 = Debug|Any CPU
		{3B36AC99-CF97-48C7-BA4F-A55978C8C16B}.Release|Any CPU.ActiveCfg = Release|Any CPU
		{3B36AC99-CF97-48C7-BA4F-A55978C8C16B}.Release|Any CPU.Build.0 = Release|Any CPU
	EndGlobalSection
	GlobalSection(SolutionProperties) = preSolution
		HideSolutionNode = FALSE
	EndGlobalSection
	GlobalSection(ExtensibilityGlobals) = postSolution
		SolutionGuid = {BF8C2019-0C9A-434E-8936-D7589002F266}
	EndGlobalSection
EndGlobal
